{
  "object": {
    "pins": [
      {
        "package": "Alamofire",
        "repositoryURL": "https://github.com/Alamofire/Alamofire.git",
        "state": {
          "branch": null,
          "revision": "354dda32d89fc8cd4f5c46487f64957d355f53d8",
          "version": "5.6.1"
        }
      },
      {
        "package": "ReactiveSwift",
        "repositoryURL": "git@github.com:warren-dev-ios/ReactiveSwift.git",
        "state": {
          "branch": "master",
          "revision": "bc651c3e602111295fe3dba1b5889bcc4d5172e9",
          "version": null
        }
      },
      {
        "package": "RxSwift",
        "repositoryURL": "git@github.com:warren-dev-ios/RxSwift.git",
        "state": {
          "branch": "main",
          "revision": "26632d5b3fd37ead7aa3fe2df35fb2428a9d5a4d",
          "version": null
        }
      }
    ]
  },
  "version": 1
}
